
Microsoft Visual Studio Solution File, Format Version 12.00
# Visual Studio Version 17
VisualStudioVersion = 17.1.32210.238
MinimumVisualStudioVersion = 10.0.40219.1
Project("{FAE04EC0-301F-11D3-BF4B-00C04F79EFBC}") = "Proektna_NikolaKosturski102424", "Proektna_NikolaKosturski102424.csproj", "{04839714-DB2B-468B-A56E-4085A8CC7651}"
EndProject
Global
	GlobalSection(SolutionConfigurationPlatforms) = preSolution
		Debug|Any CPU = Debug|Any CPU
		Release|Any CPU = Release|Any CPU
	EndGlobalSection
	GlobalSection(ProjectConfigurationPlatforms) = postSolution
		{04839714-DB2B-468B-A56E-4085A8CC7651}.Debug|Any CPU.ActiveCfg = Debug|Any CPU
		{04839714-DB2B-468B-A56E-4085A8CC7651}.Debug|Any CPU.Build.0 = Debug|Any CPU
		{04839714-DB2B-468B-A56E-4085A8CC7651}.Release|Any CPU.ActiveCfg = Release|Any CPU
		{04839714-DB2B-468B-A56E-4085A8CC7651}.Release|Any CPU.Build.0 = Release|Any CPU
	EndGlobalSection
	GlobalSection(SolutionProperties) = preSolution
		HideSolutionNode = FALSE
	EndGlobalSection
	GlobalSection(ExtensibilityGlobals) = postSolution
		SolutionGuid = {C38DC6A0-8801-4072-9703-355BA0376233}
	EndGlobalSection
EndGlobal
